
Microsoft Visual Studio Solution File, Format Version 12.00
# Visual Studio Version 17
VisualStudioVersion = 17.10.35122.118
MinimumVisualStudioVersion = 10.0.40219.1
Project("{FAE04EC0-301F-11D3-BF4B-00C04F79EFBC}") = "VP PROGRAMS", "VP PROGRAMS\VP PROGRAMS.csproj", "{175F2E05-C47C-47D7-BDF8-F12A3C395568}"
EndProject
Global
	GlobalSection(SolutionConfigurationPlatforms) = preSolution
		Debug|Any CPU = Debug|Any CPU
		Release|Any CPU = Release|Any CPU
	EndGlobalSection
	GlobalSection(ProjectConfigurationPlatforms) = postSolution
		{175F2E05-C47C-47D7-BDF8-F12A3C395568}.Debug|Any CPU.ActiveCfg = Debug|Any CPU
		{175F2E05-C47C-47D7-BDF8-F12A3C395568}.Debug|Any CPU.Build.0 = Debug|Any CPU
		{175F2E05-C47C-47D7-BDF8-F12A3C395568}.Release|Any CPU.ActiveCfg = Release|Any CPU
		{175F2E05-C47C-47D7-BDF8-F12A3C395568}.Release|Any CPU.Build.0 = Release|Any CPU
	EndGlobalSection
	GlobalSection(SolutionProperties) = preSolution
		HideSolutionNode = FALSE
	EndGlobalSection
	GlobalSection(ExtensibilityGlobals) = postSolution
		SolutionGuid = {18C89F71-652D-4769-9AC9-924674CC815F}
	EndGlobalSection
EndGlobal
